
Microsoft Visual Studio Solution File, Format Version 12.00
# Visual Studio Version 17
VisualStudioVersion = 17.6.33829.357
MinimumVisualStudioVersion = 10.0.40219.1
Project("{9A19103F-16F7-4668-BE54-9A1E7A4F7556}") = "EmployeeBenefitsPackage", "EmployeeBenefitsPackage\EmployeeBenefitsPackage.csproj", "{8EBA4D91-9341-4940-BA32-7F3920894458}"
EndProject
Project("{9A19103F-16F7-4668-BE54-9A1E7A4F7556}") = "EmployeeBenefitsPackage.Test", "EmployeeBenefitsPackage.Test\EmployeeBenefitsPackage.Test.csproj", "{9C434264-310A-4767-925A-E631C581422C}"
EndProject
Global
	GlobalSection(SolutionConfigurationPlatforms) = preSolution
		Debug|Any CPU = Debug|Any CPU
		Release|Any CPU = Release|Any CPU
	EndGlobalSection
	GlobalSection(ProjectConfigurationPlatforms) = postSolution
		{8EBA4D91-9341-4940-BA32-7F3920894458}.Debug|Any CPU.ActiveCfg = Debug|Any CPU
		{8EBA4D91-9341-4940-BA32-7F3920894458}.Debug|Any CPU.Build.0 = Debug|Any CPU
		{8EBA4D91-9341-4940-BA32-7F3920894458}.Release|Any CPU.ActiveCfg = Release|Any CPU
		{8EBA4D91-9341-4940-BA32-7F3920894458}.Release|Any CPU.Build.0 = Release|Any CPU
		{9C434264-310A-4767-925A-E631C581422C}.Debug|Any CPU.ActiveCfg = Debug|Any CPU
		{9C434264-310A-4767-925A-E631C581422C}.Debug|Any CPU.Build.0 = Debug|Any CPU
		{9C434264-310A-4767-925A-E631C581422C}.Release|Any CPU.ActiveCfg = Release|Any CPU
		{9C434264-310A-4767-925A-E631C581422C}.Release|Any CPU.Build.0 = Release|Any CPU
	EndGlobalSection
	GlobalSection(SolutionProperties) = preSolution
		HideSolutionNode = FALSE
	EndGlobalSection
	GlobalSection(ExtensibilityGlobals) = postSolution
		SolutionGuid = {8B21C3A2-33C1-4EB2-A8FD-C5470BF05210}
	EndGlobalSection
EndGlobal
